
Microsoft Visual Studio Solution File, Format Version 12.00
# Visual Studio 15
VisualStudioVersion = 15.0.28010.2003
MinimumVisualStudioVersion = 10.0.40219.1
Project("{FAE04EC0-301F-11D3-BF4B-00C04F79EFBC}") = "AdVENDture", "AdVENDture\AdVENDture.csproj", "{F448C91A-682C-45FB-B936-F14A33F53EF3}"
EndProject
Global
	GlobalSection(SolutionConfigurationPlatforms) = preSolution
		Debug|Any CPU = Debug|Any CPU
		Release|Any CPU = Release|Any CPU
	EndGlobalSection
	GlobalSection(ProjectConfigurationPlatforms) = postSolution
		{F448C91A-682C-45FB-B936-F14A33F53EF3}.Debug|Any CPU.ActiveCfg = Debug|Any CPU
		{F448C91A-682C-45FB-B936-F14A33F53EF3}.Debug|Any CPU.Build.0 = Debug|Any CPU
		{F448C91A-682C-45FB-B936-F14A33F53EF3}.Release|Any CPU.ActiveCfg = Release|Any CPU
		{F448C91A-682C-45FB-B936-F14A33F53EF3}.Release|Any CPU.Build.0 = Release|Any CPU
	EndGlobalSection
	GlobalSection(SolutionProperties) = preSolution
		HideSolutionNode = FALSE
	EndGlobalSection
	GlobalSection(ExtensibilityGlobals) = postSolution
		SolutionGuid = {3B8905FF-9974-4F61-85A7-4AEF0FA5E191}
	EndGlobalSection
EndGlobal
